
Microsoft Visual Studio Solution File, Format Version 12.00
# Visual Studio Version 17
VisualStudioVersion = 17.8.34525.116
MinimumVisualStudioVersion = 10.0.40219.1
Project("{FAE04EC0-301F-11D3-BF4B-00C04F79EFBC}") = "Examen Parcial 1", "Examen Parcial 1.csproj", "{88C5E2D5-3CB1-4F3F-98B0-21C8FAE99FA7}"
EndProject
Global
	GlobalSection(SolutionConfigurationPlatforms) = preSolution
		Debug|Any CPU = Debug|Any CPU
		Release|Any CPU = Release|Any CPU
	EndGlobalSection
	GlobalSection(ProjectConfigurationPlatforms) = postSolution
		{88C5E2D5-3CB1-4F3F-98B0-21C8FAE99FA7}.Debug|Any CPU.ActiveCfg = Debug|Any CPU
		{88C5E2D5-3CB1-4F3F-98B0-21C8FAE99FA7}.Debug|Any CPU.Build.0 = Debug|Any CPU
		{88C5E2D5-3CB1-4F3F-98B0-21C8FAE99FA7}.Release|Any CPU.ActiveCfg = Release|Any CPU
		{88C5E2D5-3CB1-4F3F-98B0-21C8FAE99FA7}.Release|Any CPU.Build.0 = Release|Any CPU
	EndGlobalSection
	GlobalSection(SolutionProperties) = preSolution
		HideSolutionNode = FALSE
	EndGlobalSection
	GlobalSection(ExtensibilityGlobals) = postSolution
		SolutionGuid = {DEF9E48E-1CA6-462B-9EC0-166777593974}
	EndGlobalSection
EndGlobal
